// !$*UTF8*$!
{
	archiveVersion = 1;
	classes = {
	};
	objectVersion = 46;
	objects = {

/* Begin PBXBuildFile section */
		72D4A30C1BE66C4C000979EA /* AppDelegate.swift in Sources */ = {isa = PBXBuildFile; fileRef = 72D4A30B1BE66C4C000979EA /* AppDelegate.swift */; };
		72D4A30E1BE66C4C000979EA /* ViewController.swift in Sources */ = {isa = PBXBuildFile; fileRef = 72D4A30D1BE66C4C000979EA /* ViewController.swift */; };
		72D4A3111BE66C4C000979EA /* Main.storyboard in Resources */ = {isa = PBXBuildFile; fileRef = 72D4A30F1BE66C4C000979EA /* Main.storyboard */; };
		72D4A3131BE66C4C000979EA /* Assets.xcassets in Resources */ = {isa = PBXBuildFile; fileRef = 72D4A3121BE66C4C000979EA /* Assets.xcassets */; };
		72D4A3161BE66C4C000979EA /* LaunchScreen.storyboard in Resources */ = {isa = PBXBuildFile; fileRef = 72D4A3141BE66C4C000979EA /* LaunchScreen.storyboard */; };
		72D4A31F1BE66CA2000979EA /* MyCustomCellCollectionViewCell.swift in Sources */ = {isa = PBXBuildFile; fileRef = 72D4A31D1BE66CA2000979EA /* MyCustomCellCollectionViewCell.swift */; };
		72D4A3201BE66CA2000979EA /* MyCustomCellCollectionViewCell.xib in Resources */ = {isa = PBXBuildFile; fileRef = 72D4A31E1BE66CA2000979EA /* MyCustomCellCollectionViewCell.xib */; };
		72D4A3221BE673FD000979EA /* BABY.jpg in Resources */ = {isa = PBXBuildFile; fileRef = 72D4A3211BE673FD000979EA /* BABY.jpg */; };
/* End PBXBuildFile section */

/* Begin PBXFileReference section */
		72D4A3081BE66C4C000979EA /* CollectionViewDemo.app */ = {isa = PBXFileReference; explicitFileType = wrapper.application; includeInIndex = 0; path = CollectionViewDemo.app; sourceTree = BUILT_PRODUCTS_DIR; };
		72D4A30B1BE66C4C000979EA /* AppDelegate.swift */ = {isa = PBXFileReference; lastKnownFileType = sourcecode.swift; path = AppDelegate.swift; sourceTree = "<group>"; };
		72D4A30D1BE66C4C000979EA /* ViewController.swift */ = {isa = PBXFileReference; lastKnownFileType = sourcecode.swift; path = ViewController.swift; sourceTree = "<group>"; };
		72D4A3101BE66C4C000979EA /* Base */ = {isa = PBXFileReference; lastKnownFileType = file.storyboard; name = Base; path = Base.lproj/Main.storyboard; sourceTree = "<group>"; };
		72D4A3121BE66C4C000979EA /* Assets.xcassets */ = {isa = PBXFileReference; lastKnownFileType = folder.assetcatalog; path = Assets.xcassets; sourceTree = "<group>"; };
		72D4A3151BE66C4C000979EA /* Base */ = {isa = PBXFileReference; lastKnownFileType = file.storyboard; name = Base; path = Base.lproj/LaunchScreen.storyboard; sourceTree = "<group>"; };
		72D4A3171BE66C4C000979EA /* Info.plist */ = {isa = PBXFileReference; lastKnownFileType = text.plist.xml; path = Info.plist; sourceTree = "<group>"; };
		72D4A31D1BE66CA2000979EA /* MyCustomCellCollectionViewCell.swift */ = {isa = PBXFileReference; fileEncoding = 4; lastKnownFileType = sourcecode.swift; path = MyCustomCellCollectionViewCell.swift; sourceTree = "<group>"; };
		72D4A31E1BE66CA2000979EA /* MyCustomCellCollectionViewCell.xib */ = {isa = PBXFileReference; fileEncoding = 4; lastKnownFileType = file.xib; path = MyCustomCellCollectionViewCell.xib; sourceTree = "<group>"; };
		72D4A3211BE673FD000979EA /* BABY.jpg */ = {isa = PBXFileReference; lastKnownFileType = image.jpeg; path = BABY.jpg; sourceTree = "<group>"; };
/* End PBXFileReference section */

/* Begin PBXFrameworksBuildPhase section */
		72D4A3051BE66C4C000979EA /* Frameworks */ = {
			isa = PBXFrameworksBuildPhase;
			buildActionMask = 2147483647;
			files = (
			);
			runOnlyForDeploymentPostprocessing = 0;
		};
/* End PBXFrameworksBuildPhase section */

/* Begin PBXGroup section */
		72D4A2FF1BE66C4C000979EA = {
			isa = PBXGroup;
			children = (
				72D4A30A1BE66C4C000979EA /* CollectionViewDemo */,
				72D4A3091BE66C4C000979EA /* Products */,
			);
			sourceTree = "<group>";
		};
		72D4A3091BE66C4C000979EA /* Products */ = {
			isa = PBXGroup;
			children = (
				72D4A3081BE66C4C000979EA /* CollectionViewDemo.app */,
			);
			name = Products;
			sourceTree = "<group>";
		};
		72D4A30A1BE66C4C000979EA /* CollectionViewDemo */ = {
			isa = PBXGroup;
			children = (
				72D4A30B1BE66C4C000979EA /* AppDelegate.swift */,
				72D4A3211BE673FD000979EA /* BABY.jpg */,
				72D4A30D1BE66C4C000979EA /* ViewController.swift */,
				72D4A30F1BE66C4C000979EA /* Main.storyboard */,
				72D4A3121BE66C4C000979EA /* Assets.xcassets */,
				72D4A3141BE66C4C000979EA /* LaunchScreen.storyboard */,
				72D4A3171BE66C4C000979EA /* Info.plist */,
				72D4A31D1BE66CA2000979EA /* MyCustomCellCollectionViewCell.swift */,
				72D4A31E1BE66CA2000979EA /* MyCustomCellCollectionViewCell.xib */,
			);
			path = CollectionViewDemo;
			sourceTree = "<group>";
		};
/* End PBXGroup section */

/* Begin PBXNativeTarget section */
		72D4A3071BE66C4C000979EA /* CollectionViewDemo */ = {
			isa = PBXNativeTarget;
			buildConfigurationList = 72D4A31A1BE66C4C000979EA /* Build configuration list for PBXNativeTarget "CollectionViewDemo" */;
			buildPhases = (
				72D4A3041BE66C4C000979EA /* Sources */,
				72D4A3051BE66C4C000979EA /* Frameworks */,
				72D4A3061BE66C4C000979EA /* Resources */,
			);
			buildRules = (
			);
			dependencies = (
			);
			name = CollectionViewDemo;
			productName = CollectionViewDemo;
			productReference = 72D4A3081BE66C4C000979EA /* CollectionViewDemo.app */;
			productType = "com.apple.product-type.application";
		};
/* End PBXNativeTarget section */

/* Begin PBXProject section */
		72D4A3001BE66C4C000979EA /* Project object */ = {
			isa = PBXProject;
			attributes = {
				LastSwiftUpdateCheck = 0710;
				LastUpgradeCheck = 0710;
				ORGANIZATIONNAME = "Jatin patel";
				TargetAttributes = {
					72D4A3071BE66C4C000979EA = {
						CreatedOnToolsVersion = 7.1;
					};
				};
			};
			buildConfigurationList = 72D4A3031BE66C4C000979EA /* Build configuration list for PBXProject "CollectionViewDemo" */;
			compatibilityVersion = "Xcode 3.2";
			developmentRegion = English;
			hasScannedForEncodings = 0;
			knownRegions = (
				en,
				Base,
			);
			mainGroup = 72D4A2FF1BE66C4C000979EA;
			productRefGroup = 72D4A3091BE66C4C000979EA /* Products */;
			projectDirPath = "";
			projectRoot = "";
			targets = (
				72D4A3071BE66C4C000979EA /* CollectionViewDemo */,
			);
		};
/* End PBXProject section */

/* Begin PBXResourcesBuildPhase section */
		72D4A3061BE66C4C000979EA /* Resources */ = {
			isa = PBXResourcesBuildPhase;
			buildActionMask = 2147483647;
			files = (
				72D4A3161BE66C4C000979EA /* LaunchScreen.storyboard in Resources */,
				72D4A3221BE673FD000979EA /* BABY.jpg in Resources */,
				72D4A3131BE66C4C000979EA /* Assets.xcassets in Resources */,
				72D4A3111BE66C4C000979EA /* Main.storyboard in Resources */,
				72D4A3201BE66CA2000979EA /* MyCustomCellCollectionViewCell.xib in Resources */,
			);
			runOnlyForDeploymentPostprocessing = 0;
		};
/* End PBXResourcesBuildPhase section */

/* Begin PBXSourcesBuildPhase section */
		72D4A3041BE66C4C000979EA /* Sources */ = {
			isa = PBXSourcesBuildPhase;
			buildActionMask = 2147483647;
			files = (
				72D4A31F1BE66CA2000979EA /* MyCustomCellCollectionViewCell.swift in Sources */,
				72D4A30E1BE66C4C000979EA /* ViewController.swift in Sources */,
				72D4A30C1BE66C4C000979EA /* AppDelegate.swift in Sources */,
			);
			runOnlyForDeploymentPostprocessing = 0;
		};
/* End PBXSourcesBuildPhase section */

/* Begin PBXVariantGroup section */
		72D4A30F1BE66C4C000979EA /* Main.storyboard */ = {
			isa = PBXVariantGroup;
			children = (
				72D4A3101BE66C4C000979EA /* Base */,
			);
			name = Main.storyboard;
			sourceTree = "<group>";
		};
		72D4A3141BE66C4C000979EA /* LaunchScreen.storyboard */ = {
			isa = PBXVariantGroup;
			children = (
				72D4A3151BE66C4C000979EA /* Base */,
			);
			name = LaunchScreen.storyboard;
			sourceTree = "<group>";
		};
/* End PBXVariantGroup section */

/* Begin XCBuildConfiguration section */
		72D4A3181BE66C4C000979EA /* Debug */ = {
			isa = XCBuildConfiguration;
			buildSettings = {
				ALWAYS_SEARCH_USER_PATHS = NO;
				CLANG_CXX_LANGUAGE_STANDARD = "gnu++0x";
				CLANG_CXX_LIBRARY = "libc++";
				CLANG_ENABLE_MODULES = YES;
				CLANG_ENABLE_OBJC_ARC = YES;
				CLANG_WARN_BOOL_CONVERSION = YES;
				CLANG_WARN_CONSTANT_CONVERSION = YES;
				CLANG_WARN_DIRECT_OBJC_ISA_USAGE = YES_ERROR;
				CLANG_WARN_EMPTY_BODY = YES;
				CLANG_WARN_ENUM_CONVERSION = YES;
				CLANG_WARN_INT_CONVERSION = YES;
				CLANG_WARN_OBJC_ROOT_CLASS = YES_ERROR;
				CLANG_WARN_UNREACHABLE_CODE = YES;
				CLANG_WARN__DUPLICATE_METHOD_MATCH = YES;
				"CODE_SIGN_IDENTITY[sdk=iphoneos*]" = "iPhone Developer";
				COPY_PHASE_STRIP = NO;
				DEBUG_INFORMATION_FORMAT = dwarf;
				ENABLE_STRICT_OBJC_MSGSEND = YES;
				ENABLE_TESTABILITY = YES;
				GCC_C_LANGUAGE_STANDARD = gnu99;
				GCC_DYNAMIC_NO_PIC = NO;
				GCC_NO_COMMON_BLOCKS = YES;
				GCC_OPTIMIZATION_LEVEL = 0;
				GCC_PREPROCESSOR_DEFINITIONS = (
					"DEBUG=1",
					"$(inherited)",
				);
				GCC_WARN_64_TO_32_BIT_CONVERSION = YES;
				GCC_WARN_ABOUT_RETURN_TYPE = YES_ERROR;
				GCC_WARN_UNDECLARED_SELECTOR = YES;
				GCC_WARN_UNINITIALIZED_AUTOS = YES_AGGRESSIVE;
				GCC_WARN_UNUSED_FUNCTION = YES;
				GCC_WARN_UNUSED_VARIABLE = YES;
				IPHONEOS_DEPLOYMENT_TARGET = 9.1;
				MTL_ENABLE_DEBUG_INFO = YES;
				ONLY_ACTIVE_ARCH = YES;
				SDKROOT = iphoneos;
				SWIFT_OPTIMIZATION_LEVEL = "-Onone";
			};
			name = Debug;
		};
		72D4A3191BE66C4C000979EA /* Release */ = {
			isa = XCBuildConfiguration;
			buildSettings = {
				ALWAYS_SEARCH_USER_PATHS = NO;
				CLANG_CXX_LANGUAGE_STANDARD = "gnu++0x";
				CLANG_CXX_LIBRARY = "libc++";
				CLANG_ENABLE_MODULES = YES;
				CLANG_ENABLE_OBJC_ARC = YES;
				CLANG_WARN_BOOL_CONVERSION = YES;
				CLANG_WARN_CONSTANT_CONVERSION = YES;
				CLANG_WARN_DIRECT_OBJC_ISA_USAGE = YES_ERROR;
				CLANG_WARN_EMPTY_BODY = YES;
				CLANG_WARN_ENUM_CONVERSION = YES;
				CLANG_WARN_INT_CONVERSION = YES;
				CLANG_WARN_OBJC_ROOT_CLASS = YES_ERROR;
				CLANG_WARN_UNREACHABLE_CODE = YES;
				CLANG_WARN__DUPLICATE_METHOD_MATCH = YES;
				"CODE_SIGN_IDENTITY[sdk=iphoneos*]" = "iPhone Developer";
				COPY_PHASE_STRIP = NO;
				DEBUG_INFORMATION_FORMAT = "dwarf-with-dsym";
				ENABLE_NS_ASSERTIONS = NO;
				ENABLE_STRICT_OBJC_MSGSEND = YES;
				GCC_C_LANGUAGE_STANDARD = gnu99;
				GCC_NO_COMMON_BLOCKS = YES;
				GCC_WARN_64_TO_32_BIT_CONVERSION = YES;
				GCC_WARN_ABOUT_RETURN_TYPE = YES_ERROR;
				GCC_WARN_UNDECLARED_SELECTOR = YES;
				GCC_WARN_UNINITIALIZED_AUTOS = YES_AGGRESSIVE;
				GCC_WARN_UNUSED_FUNCTION = YES;
				GCC_WARN_UNUSED_VARIABLE = YES;
				IPHONEOS_DEPLOYMENT_TARGET = 9.1;
				MTL_ENABLE_DEBUG_INFO = NO;
				SDKROOT = iphoneos;
				VALIDATE_PRODUCT = YES;
			};
			name = Release;
		};
		72D4A31B1BE66C4C000979EA /* Debug */ = {
			isa = XCBuildConfiguration;
			buildSettings = {
				ASSETCATALOG_COMPILER_APPICON_NAME = AppIcon;
				INFOPLIST_FILE = CollectionViewDemo/Info.plist;
				LD_RUNPATH_SEARCH_PATHS = "$(inherited) @executable_path/Frameworks";
				PRODUCT_BUNDLE_IDENTIFIER = com.jatin.CollectionViewDemo;
				PRODUCT_NAME = "$(TARGET_NAME)";
			};
			name = Debug;
		};
		72D4A31C1BE66C4C000979EA /* Release */ = {
			isa = XCBuildConfiguration;
			buildSettings = {
				ASSETCATALOG_COMPILER_APPICON_NAME = AppIcon;
				INFOPLIST_FILE = CollectionViewDemo/Info.plist;
				LD_RUNPATH_SEARCH_PATHS = "$(inherited) @executable_path/Frameworks";
				PRODUCT_BUNDLE_IDENTIFIER = com.jatin.CollectionViewDemo;
				PRODUCT_NAME = "$(TARGET_NAME)";
			};
			name = Release;
		};
/* End XCBuildConfiguration section */

/* Begin XCConfigurationList section */
		72D4A3031BE66C4C000979EA /* Build configuration list for PBXProject "CollectionViewDemo" */ = {
			isa = XCConfigurationList;
			buildConfigurations = (
				72D4A3181BE66C4C000979EA /* Debug */,
				72D4A3191BE66C4C000979EA /* Release */,
			);
			defaultConfigurationIsVisible = 0;
			defaultConfigurationName = Release;
		};
		72D4A31A1BE66C4C000979EA /* Build configuration list for PBXNativeTarget "CollectionViewDemo" */ = {
			isa = XCConfigurationList;
			buildConfigurations = (
				72D4A31B1BE66C4C000979EA /* Debug */,
				72D4A31C1BE66C4C000979EA /* Release */,
			);
			defaultConfigurationIsVisible = 0;
		};
/* End XCConfigurationList section */
	};
	rootObject = 72D4A3001BE66C4C000979EA /* Project object */;
}
